
Microsoft Visual Studio Solution File, Format Version 12.00
# Visual Studio Version 17
VisualStudioVersion = 17.9.34728.123
MinimumVisualStudioVersion = 10.0.40219.1
Project("{FAE04EC0-301F-11D3-BF4B-00C04F79EFBC}") = "API-CALLING", "API-CALLING.csproj", "{55066CA7-BA87-4558-BCD6-CA3719A7B535}"
EndProject
Global
	GlobalSection(SolutionConfigurationPlatforms) = preSolution
		Debug|Any CPU = Debug|Any CPU
		Release|Any CPU = Release|Any CPU
	EndGlobalSection
	GlobalSection(ProjectConfigurationPlatforms) = postSolution
		{55066CA7-BA87-4558-BCD6-CA3719A7B535}.Debug|Any CPU.ActiveCfg = Debug|Any CPU
		{55066CA7-BA87-4558-BCD6-CA3719A7B535}.Debug|Any CPU.Build.0 = Debug|Any CPU
		{55066CA7-BA87-4558-BCD6-CA3719A7B535}.Release|Any CPU.ActiveCfg = Release|Any CPU
		{55066CA7-BA87-4558-BCD6-CA3719A7B535}.Release|Any CPU.Build.0 = Release|Any CPU
	EndGlobalSection
	GlobalSection(SolutionProperties) = preSolution
		HideSolutionNode = FALSE
	EndGlobalSection
	GlobalSection(ExtensibilityGlobals) = postSolution
		SolutionGuid = {7A6EF97B-03E1-4139-BE77-648F4983267A}
	EndGlobalSection
EndGlobal
